
Microsoft Visual Studio Solution File, Format Version 12.00
# Visual Studio 15
VisualStudioVersion = 15.0.27703.2035
MinimumVisualStudioVersion = 10.0.40219.1
Project("{FAE04EC0-301F-11D3-BF4B-00C04F79EFBC}") = "Calculator", "Calculator\Calculator.csproj", "{8DCD6050-5E9C-4262-9044-54040D8F7A57}"
EndProject
Project("{FAE04EC0-301F-11D3-BF4B-00C04F79EFBC}") = "cs_con_Restaurant", "cs_con_Assignment01\cs_con_Restaurant.csproj", "{DE1B70CE-3BE3-4168-A455-40BEE3624610}"
EndProject
Project("{FAE04EC0-301F-11D3-BF4B-00C04F79EFBC}") = "cs_con_Geometry", "Assignment\cs_con_Geometry.csproj", "{0A59283A-CC96-4DC6-9244-285DBBFECA52}"
EndProject
Global
	GlobalSection(SolutionConfigurationPlatforms) = preSolution
		Debug|Any CPU = Debug|Any CPU
		Release|Any CPU = Release|Any CPU
	EndGlobalSection
	GlobalSection(ProjectConfigurationPlatforms) = postSolution
		{8DCD6050-5E9C-4262-9044-54040D8F7A57}.Debug|Any CPU.ActiveCfg = Debug|Any CPU
		{8DCD6050-5E9C-4262-9044-54040D8F7A57}.Debug|Any CPU.Build.0 = Debug|Any CPU
		{8DCD6050-5E9C-4262-9044-54040D8F7A57}.Release|Any CPU.ActiveCfg = Release|Any CPU
		{8DCD6050-5E9C-4262-9044-54040D8F7A57}.Release|Any CPU.Build.0 = Release|Any CPU
		{DE1B70CE-3BE3-4168-A455-40BEE3624610}.Debug|Any CPU.ActiveCfg = Debug|Any CPU
		{DE1B70CE-3BE3-4168-A455-40BEE3624610}.Debug|Any CPU.Build.0 = Debug|Any CPU
		{DE1B70CE-3BE3-4168-A455-40BEE3624610}.Release|Any CPU.ActiveCfg = Release|Any CPU
		{DE1B70CE-3BE3-4168-A455-40BEE3624610}.Release|Any CPU.Build.0 = Release|Any CPU
		{0A59283A-CC96-4DC6-9244-285DBBFECA52}.Debug|Any CPU.ActiveCfg = Debug|Any CPU
		{0A59283A-CC96-4DC6-9244-285DBBFECA52}.Debug|Any CPU.Build.0 = Debug|Any CPU
		{0A59283A-CC96-4DC6-9244-285DBBFECA52}.Release|Any CPU.ActiveCfg = Release|Any CPU
		{0A59283A-CC96-4DC6-9244-285DBBFECA52}.Release|Any CPU.Build.0 = Release|Any CPU
	EndGlobalSection
	GlobalSection(SolutionProperties) = preSolution
		HideSolutionNode = FALSE
	EndGlobalSection
	GlobalSection(ExtensibilityGlobals) = postSolution
		SolutionGuid = {39B01587-628F-48FB-9B5E-0FEDB888FFC3}
	EndGlobalSection
EndGlobal
